
Microsoft Visual Studio Solution File, Format Version 12.00
# Visual Studio Version 17
VisualStudioVersion = 17.0.32112.339
MinimumVisualStudioVersion = 10.0.40219.1
Project("{9A19103F-16F7-4668-BE54-9A1E7A4F7556}") = "WhatWasThat_2.0", "WhatWasThat_2.0\WhatWasThat_2.0.csproj", "{96C4C022-F2EA-4D14-8E47-23AFA78A18A6}"
EndProject
Global
	GlobalSection(SolutionConfigurationPlatforms) = preSolution
		Debug|Any CPU = Debug|Any CPU
		Release|Any CPU = Release|Any CPU
	EndGlobalSection
	GlobalSection(ProjectConfigurationPlatforms) = postSolution
		{96C4C022-F2EA-4D14-8E47-23AFA78A18A6}.Debug|Any CPU.ActiveCfg = Debug|Any CPU
		{96C4C022-F2EA-4D14-8E47-23AFA78A18A6}.Debug|Any CPU.Build.0 = Debug|Any CPU
		{96C4C022-F2EA-4D14-8E47-23AFA78A18A6}.Release|Any CPU.ActiveCfg = Release|Any CPU
		{96C4C022-F2EA-4D14-8E47-23AFA78A18A6}.Release|Any CPU.Build.0 = Release|Any CPU
	EndGlobalSection
	GlobalSection(SolutionProperties) = preSolution
		HideSolutionNode = FALSE
	EndGlobalSection
	GlobalSection(ExtensibilityGlobals) = postSolution
		SolutionGuid = {A851161B-22E4-4D44-BA2F-8A163E4578C7}
	EndGlobalSection
EndGlobal
